
Microsoft Visual Studio Solution File, Format Version 11.00
# Visual Studio 2010
Project("{2150E333-8FDC-42A3-9474-1A3956D46DE8}") = "src", "src", "{EC66575A-35AE-4A71-ADE4-B571081092F7}"
EndProject
Project("{2150E333-8FDC-42A3-9474-1A3956D46DE8}") = "test", "test", "{9B930957-60DC-435C-8CCD-46616B52846C}"
EndProject
Project("{FAE04EC0-301F-11D3-BF4B-00C04F79EFBC}") = "CyberInsekt", "src\CyberInsekt\CyberInsekt.csproj", "{02957F40-979E-4A1A-9ED4-0853B514EAB5}"
EndProject
Project("{FAE04EC0-301F-11D3-BF4B-00C04F79EFBC}") = "CyberInsekt.Tests", "test\CyberInsekt.Tests\CyberInsekt.Tests.csproj", "{342D6091-ECE3-432A-81BA-DD2DD052C9E7}"
EndProject
Global
	GlobalSection(SolutionConfigurationPlatforms) = preSolution
		Debug|Any CPU = Debug|Any CPU
		Release|Any CPU = Release|Any CPU
	EndGlobalSection
	GlobalSection(ProjectConfigurationPlatforms) = postSolution
		{02957F40-979E-4A1A-9ED4-0853B514EAB5}.Debug|Any CPU.ActiveCfg = Debug|Any CPU
		{02957F40-979E-4A1A-9ED4-0853B514EAB5}.Debug|Any CPU.Build.0 = Debug|Any CPU
		{02957F40-979E-4A1A-9ED4-0853B514EAB5}.Release|Any CPU.ActiveCfg = Release|Any CPU
		{02957F40-979E-4A1A-9ED4-0853B514EAB5}.Release|Any CPU.Build.0 = Release|Any CPU
		{342D6091-ECE3-432A-81BA-DD2DD052C9E7}.Debug|Any CPU.ActiveCfg = Debug|Any CPU
		{342D6091-ECE3-432A-81BA-DD2DD052C9E7}.Debug|Any CPU.Build.0 = Debug|Any CPU
		{342D6091-ECE3-432A-81BA-DD2DD052C9E7}.Release|Any CPU.ActiveCfg = Release|Any CPU
		{342D6091-ECE3-432A-81BA-DD2DD052C9E7}.Release|Any CPU.Build.0 = Release|Any CPU
	EndGlobalSection
	GlobalSection(SolutionProperties) = preSolution
		HideSolutionNode = FALSE
	EndGlobalSection
	GlobalSection(NestedProjects) = preSolution
		{02957F40-979E-4A1A-9ED4-0853B514EAB5} = {EC66575A-35AE-4A71-ADE4-B571081092F7}
		{342D6091-ECE3-432A-81BA-DD2DD052C9E7} = {9B930957-60DC-435C-8CCD-46616B52846C}
	EndGlobalSection
EndGlobal
